
Microsoft Visual Studio Solution File, Format Version 12.00
Project("{FAE04EC0-301F-11D3-BF4B-00C04F79EFBC}") = "DiscordBot", "DiscordBot\DiscordBot.csproj", "{92CA73DA-ADD1-46D1-9089-6411FBEC423D}"
EndProject
Global
	GlobalSection(SolutionConfigurationPlatforms) = preSolution
		Debug|Any CPU = Debug|Any CPU
		Release|Any CPU = Release|Any CPU
	EndGlobalSection
	GlobalSection(ProjectConfigurationPlatforms) = postSolution
		{92CA73DA-ADD1-46D1-9089-6411FBEC423D}.Debug|Any CPU.ActiveCfg = Debug|Any CPU
		{92CA73DA-ADD1-46D1-9089-6411FBEC423D}.Debug|Any CPU.Build.0 = Debug|Any CPU
		{92CA73DA-ADD1-46D1-9089-6411FBEC423D}.Release|Any CPU.ActiveCfg = Release|Any CPU
		{92CA73DA-ADD1-46D1-9089-6411FBEC423D}.Release|Any CPU.Build.0 = Release|Any CPU
	EndGlobalSection
EndGlobal
